
Microsoft Visual Studio Solution File, Format Version 12.00
# Visual Studio Version 17
VisualStudioVersion = 17.13.35825.156 d17.13
MinimumVisualStudioVersion = 10.0.40219.1
Project("{FAE04EC0-301F-11D3-BF4B-00C04F79EFBC}") = "EcommerceNet8", "EcommerceNet8\EcommerceNet8.csproj", "{9388BF23-30A1-4343-A932-71E6B5C8CEE7}"
EndProject
Global
	GlobalSection(SolutionConfigurationPlatforms) = preSolution
		Debug|Any CPU = Debug|Any CPU
		Release|Any CPU = Release|Any CPU
	EndGlobalSection
	GlobalSection(ProjectConfigurationPlatforms) = postSolution
		{9388BF23-30A1-4343-A932-71E6B5C8CEE7}.Debug|Any CPU.ActiveCfg = Debug|Any CPU
		{9388BF23-30A1-4343-A932-71E6B5C8CEE7}.Debug|Any CPU.Build.0 = Debug|Any CPU
		{9388BF23-30A1-4343-A932-71E6B5C8CEE7}.Release|Any CPU.ActiveCfg = Release|Any CPU
		{9388BF23-30A1-4343-A932-71E6B5C8CEE7}.Release|Any CPU.Build.0 = Release|Any CPU
	EndGlobalSection
	GlobalSection(SolutionProperties) = preSolution
		HideSolutionNode = FALSE
	EndGlobalSection
	GlobalSection(ExtensibilityGlobals) = postSolution
		SolutionGuid = {436EAD02-603F-428C-ACBC-F55912C50BB8}
	EndGlobalSection
EndGlobal
